// !$*UTF8*$!
{
	archiveVersion = 1;
	classes = {
	};
	objectVersion = 56;
	objects = {

/* Begin PBXBuildFile section */
		BFE24B0F2B347EF700D3397B /* QuizApp.swift in Sources */ = {isa = PBXBuildFile; fileRef = BFE24B0E2B347EF700D3397B /* QuizApp.swift */; };
		BFE24B112B347EF700D3397B /* ContentView.swift in Sources */ = {isa = PBXBuildFile; fileRef = BFE24B102B347EF700D3397B /* ContentView.swift */; };
		BFE24B172B347EF900D3397B /* Preview Assets.xcassets in Resources */ = {isa = PBXBuildFile; fileRef = BFE24B162B347EF900D3397B /* Preview Assets.xcassets */; };
		BFE24B212B347EFA00D3397B /* QuizTests.swift in Sources */ = {isa = PBXBuildFile; fileRef = BFE24B202B347EFA00D3397B /* QuizTests.swift */; };
		BFE24B2B2B347EFA00D3397B /* QuizUITests.swift in Sources */ = {isa = PBXBuildFile; fileRef = BFE24B2A2B347EFA00D3397B /* QuizUITests.swift */; };
		BFE24B2D2B347EFA00D3397B /* QuizUITestsLaunchTests.swift in Sources */ = {isa = PBXBuildFile; fileRef = BFE24B2C2B347EFA00D3397B /* QuizUITestsLaunchTests.swift */; };
		BFE24B412B3480BA00D3397B /* Extensions.swift in Sources */ = {isa = PBXBuildFile; fileRef = BFE24B402B3480BA00D3397B /* Extensions.swift */; };
		BFE24B432B3480FF00D3397B /* CheckResponseItem.swift in Sources */ = {isa = PBXBuildFile; fileRef = BFE24B422B3480FF00D3397B /* CheckResponseItem.swift */; };
		BFE24B452B34812F00D3397B /* FavouriteStatusItem.swift in Sources */ = {isa = PBXBuildFile; fileRef = BFE24B442B34812F00D3397B /* FavouriteStatusItem.swift */; };
		BFE24B472B34814C00D3397B /* QuizItem.swift in Sources */ = {isa = PBXBuildFile; fileRef = BFE24B462B34814C00D3397B /* QuizItem.swift */; };
		BFE24B492B34816600D3397B /* Endpoints.swift in Sources */ = {isa = PBXBuildFile; fileRef = BFE24B482B34816600D3397B /* Endpoints.swift */; };
		BFE24B4D2B3481BA00D3397B /* QuizzesModel.swift in Sources */ = {isa = PBXBuildFile; fileRef = BFE24B4C2B3481BA00D3397B /* QuizzesModel.swift */; };
		BFE24B4F2B3481E400D3397B /* ScoresModel.swift in Sources */ = {isa = PBXBuildFile; fileRef = BFE24B4E2B3481E400D3397B /* ScoresModel.swift */; };
		BFE24B532B34828500D3397B /* QuizItemPlayView.swift in Sources */ = {isa = PBXBuildFile; fileRef = BFE24B522B34828500D3397B /* QuizItemPlayView.swift */; };
		BFE24B552B3482CF00D3397B /* QuizzesListView.swift in Sources */ = {isa = PBXBuildFile; fileRef = BFE24B542B3482CF00D3397B /* QuizzesListView.swift */; };
		BFE24B592B34832700D3397B /* QuizItemRowView.swift in Sources */ = {isa = PBXBuildFile; fileRef = BFE24B582B34832700D3397B /* QuizItemRowView.swift */; };
		BFE24B5B2B34836400D3397B /* MyAsyncImage.swift in Sources */ = {isa = PBXBuildFile; fileRef = BFE24B5A2B34836400D3397B /* MyAsyncImage.swift */; };
		BFE24B642B34895600D3397B /* quizzes.json in Resources */ = {isa = PBXBuildFile; fileRef = BFE24B632B34895600D3397B /* quizzes.json */; };
		BFE24B662B34897800D3397B /* Assets.xcassets in Resources */ = {isa = PBXBuildFile; fileRef = BFE24B652B34897800D3397B /* Assets.xcassets */; };
/* End PBXBuildFile section */

/* Begin PBXContainerItemProxy section */
		BFE24B1D2B347EFA00D3397B /* PBXContainerItemProxy */ = {
			isa = PBXContainerItemProxy;
			containerPortal = BFE24B032B347EF700D3397B /* Project object */;
			proxyType = 1;
			remoteGlobalIDString = BFE24B0A2B347EF700D3397B;
			remoteInfo = Quiz;
		};
		BFE24B272B347EFA00D3397B /* PBXContainerItemProxy */ = {
			isa = PBXContainerItemProxy;
			containerPortal = BFE24B032B347EF700D3397B /* Project object */;
			proxyType = 1;
			remoteGlobalIDString = BFE24B0A2B347EF700D3397B;
			remoteInfo = Quiz;
		};
/* End PBXContainerItemProxy section */

/* Begin PBXFileReference section */
		BFE24B0B2B347EF700D3397B /* Quiz.app */ = {isa = PBXFileReference; explicitFileType = wrapper.application; includeInIndex = 0; path = Quiz.app; sourceTree = BUILT_PRODUCTS_DIR; };
		BFE24B0E2B347EF700D3397B /* QuizApp.swift */ = {isa = PBXFileReference; lastKnownFileType = sourcecode.swift; path = QuizApp.swift; sourceTree = "<group>"; };
		BFE24B102B347EF700D3397B /* ContentView.swift */ = {isa = PBXFileReference; lastKnownFileType = sourcecode.swift; path = ContentView.swift; sourceTree = "<group>"; };
		BFE24B142B347EF900D3397B /* Quiz.entitlements */ = {isa = PBXFileReference; lastKnownFileType = text.plist.entitlements; path = Quiz.entitlements; sourceTree = "<group>"; };
		BFE24B162B347EF900D3397B /* Preview Assets.xcassets */ = {isa = PBXFileReference; lastKnownFileType = folder.assetcatalog; path = "Preview Assets.xcassets"; sourceTree = "<group>"; };
		BFE24B1C2B347EFA00D3397B /* QuizTests.xctest */ = {isa = PBXFileReference; explicitFileType = wrapper.cfbundle; includeInIndex = 0; path = QuizTests.xctest; sourceTree = BUILT_PRODUCTS_DIR; };
		BFE24B202B347EFA00D3397B /* QuizTests.swift */ = {isa = PBXFileReference; lastKnownFileType = sourcecode.swift; path = QuizTests.swift; sourceTree = "<group>"; };
		BFE24B262B347EFA00D3397B /* QuizUITests.xctest */ = {isa = PBXFileReference; explicitFileType = wrapper.cfbundle; includeInIndex = 0; path = QuizUITests.xctest; sourceTree = BUILT_PRODUCTS_DIR; };
		BFE24B2A2B347EFA00D3397B /* QuizUITests.swift */ = {isa = PBXFileReference; lastKnownFileType = sourcecode.swift; path = QuizUITests.swift; sourceTree = "<group>"; };
		BFE24B2C2B347EFA00D3397B /* QuizUITestsLaunchTests.swift */ = {isa = PBXFileReference; lastKnownFileType = sourcecode.swift; path = QuizUITestsLaunchTests.swift; sourceTree = "<group>"; };
		BFE24B402B3480BA00D3397B /* Extensions.swift */ = {isa = PBXFileReference; lastKnownFileType = sourcecode.swift; path = Extensions.swift; sourceTree = "<group>"; };
		BFE24B422B3480FF00D3397B /* CheckResponseItem.swift */ = {isa = PBXFileReference; lastKnownFileType = sourcecode.swift; path = CheckResponseItem.swift; sourceTree = "<group>"; };
		BFE24B442B34812F00D3397B /* FavouriteStatusItem.swift */ = {isa = PBXFileReference; lastKnownFileType = sourcecode.swift; path = FavouriteStatusItem.swift; sourceTree = "<group>"; };
		BFE24B462B34814C00D3397B /* QuizItem.swift */ = {isa = PBXFileReference; lastKnownFileType = sourcecode.swift; path = QuizItem.swift; sourceTree = "<group>"; };
		BFE24B482B34816600D3397B /* Endpoints.swift */ = {isa = PBXFileReference; lastKnownFileType = sourcecode.swift; path = Endpoints.swift; sourceTree = "<group>"; };
		BFE24B4C2B3481BA00D3397B /* QuizzesModel.swift */ = {isa = PBXFileReference; lastKnownFileType = sourcecode.swift; path = QuizzesModel.swift; sourceTree = "<group>"; };
		BFE24B4E2B3481E400D3397B /* ScoresModel.swift */ = {isa = PBXFileReference; lastKnownFileType = sourcecode.swift; path = ScoresModel.swift; sourceTree = "<group>"; };
		BFE24B522B34828500D3397B /* QuizItemPlayView.swift */ = {isa = PBXFileReference; lastKnownFileType = sourcecode.swift; path = QuizItemPlayView.swift; sourceTree = "<group>"; };
		BFE24B542B3482CF00D3397B /* QuizzesListView.swift */ = {isa = PBXFileReference; lastKnownFileType = sourcecode.swift; path = QuizzesListView.swift; sourceTree = "<group>"; };
		BFE24B582B34832700D3397B /* QuizItemRowView.swift */ = {isa = PBXFileReference; lastKnownFileType = sourcecode.swift; path = QuizItemRowView.swift; sourceTree = "<group>"; };
		BFE24B5A2B34836400D3397B /* MyAsyncImage.swift */ = {isa = PBXFileReference; lastKnownFileType = sourcecode.swift; path = MyAsyncImage.swift; sourceTree = "<group>"; };
		BFE24B602B3487FE00D3397B /* Info.plist */ = {isa = PBXFileReference; lastKnownFileType = text.plist; path = Info.plist; sourceTree = "<group>"; };
		BFE24B632B34895600D3397B /* quizzes.json */ = {isa = PBXFileReference; fileEncoding = 4; lastKnownFileType = text.json; path = quizzes.json; sourceTree = "<group>"; };
		BFE24B652B34897800D3397B /* Assets.xcassets */ = {isa = PBXFileReference; lastKnownFileType = folder.assetcatalog; path = Assets.xcassets; sourceTree = "<group>"; };
/* End PBXFileReference section */

/* Begin PBXFrameworksBuildPhase section */
		BFE24B082B347EF700D3397B /* Frameworks */ = {
			isa = PBXFrameworksBuildPhase;
			buildActionMask = 2147483647;
			files = (
			);
			runOnlyForDeploymentPostprocessing = 0;
		};
		BFE24B192B347EFA00D3397B /* Frameworks */ = {
			isa = PBXFrameworksBuildPhase;
			buildActionMask = 2147483647;
			files = (
			);
			runOnlyForDeploymentPostprocessing = 0;
		};
		BFE24B232B347EFA00D3397B /* Frameworks */ = {
			isa = PBXFrameworksBuildPhase;
			buildActionMask = 2147483647;
			files = (
			);
			runOnlyForDeploymentPostprocessing = 0;
		};
/* End PBXFrameworksBuildPhase section */

/* Begin PBXGroup section */
		BFE24B022B347EF700D3397B = {
			isa = PBXGroup;
			children = (
				BFE24B652B34897800D3397B /* Assets.xcassets */,
				BFE24B0D2B347EF700D3397B /* Quiz */,
				BFE24B1F2B347EFA00D3397B /* QuizTests */,
				BFE24B292B347EFA00D3397B /* QuizUITests */,
				BFE24B0C2B347EF700D3397B /* Products */,
			);
			sourceTree = "<group>";
		};
		BFE24B0C2B347EF700D3397B /* Products */ = {
			isa = PBXGroup;
			children = (
				BFE24B0B2B347EF700D3397B /* Quiz.app */,
				BFE24B1C2B347EFA00D3397B /* QuizTests.xctest */,
				BFE24B262B347EFA00D3397B /* QuizUITests.xctest */,
			);
			name = Products;
			sourceTree = "<group>";
		};
		BFE24B0D2B347EF700D3397B /* Quiz */ = {
			isa = PBXGroup;
			children = (
				BFE24B602B3487FE00D3397B /* Info.plist */,
				BFE24B3B2B347F6F00D3397B /* Views */,
				BFE24B3A2B347F5A00D3397B /* Modelos */,
				BFE24B392B347F3C00D3397B /* Helpers */,
				BFE24B0E2B347EF700D3397B /* QuizApp.swift */,
				BFE24B102B347EF700D3397B /* ContentView.swift */,
				BFE24B142B347EF900D3397B /* Quiz.entitlements */,
				BFE24B152B347EF900D3397B /* Preview Content */,
			);
			path = Quiz;
			sourceTree = "<group>";
		};
		BFE24B152B347EF900D3397B /* Preview Content */ = {
			isa = PBXGroup;
			children = (
				BFE24B162B347EF900D3397B /* Preview Assets.xcassets */,
			);
			path = "Preview Content";
			sourceTree = "<group>";
		};
		BFE24B1F2B347EFA00D3397B /* QuizTests */ = {
			isa = PBXGroup;
			children = (
				BFE24B202B347EFA00D3397B /* QuizTests.swift */,
			);
			path = QuizTests;
			sourceTree = "<group>";
		};
		BFE24B292B347EFA00D3397B /* QuizUITests */ = {
			isa = PBXGroup;
			children = (
				BFE24B2A2B347EFA00D3397B /* QuizUITests.swift */,
				BFE24B2C2B347EFA00D3397B /* QuizUITestsLaunchTests.swift */,
			);
			path = QuizUITests;
			sourceTree = "<group>";
		};
		BFE24B392B347F3C00D3397B /* Helpers */ = {
			isa = PBXGroup;
			children = (
				BFE24B402B3480BA00D3397B /* Extensions.swift */,
			);
			path = Helpers;
			sourceTree = "<group>";
		};
		BFE24B3A2B347F5A00D3397B /* Modelos */ = {
			isa = PBXGroup;
			children = (
				BFE24B3D2B347FBB00D3397B /* Scores */,
				BFE24B3C2B347FAF00D3397B /* Quizzes */,
			);
			path = Modelos;
			sourceTree = "<group>";
		};
		BFE24B3B2B347F6F00D3397B /* Views */ = {
			isa = PBXGroup;
			children = (
				BFE24B522B34828500D3397B /* QuizItemPlayView.swift */,
				BFE24B542B3482CF00D3397B /* QuizzesListView.swift */,
				BFE24B582B34832700D3397B /* QuizItemRowView.swift */,
				BFE24B5A2B34836400D3397B /* MyAsyncImage.swift */,
			);
			path = Views;
			sourceTree = "<group>";
		};
		BFE24B3C2B347FAF00D3397B /* Quizzes */ = {
			isa = PBXGroup;
			children = (
				BFE24B4C2B3481BA00D3397B /* QuizzesModel.swift */,
				BFE24B632B34895600D3397B /* quizzes.json */,
				BFE24B3F2B347FD200D3397B /* Endpoints */,
				BFE24B3E2B347FC800D3397B /* Codables */,
			);
			path = Quizzes;
			sourceTree = "<group>";
		};
		BFE24B3D2B347FBB00D3397B /* Scores */ = {
			isa = PBXGroup;
			children = (
				BFE24B4E2B3481E400D3397B /* ScoresModel.swift */,
			);
			path = Scores;
			sourceTree = "<group>";
		};
		BFE24B3E2B347FC800D3397B /* Codables */ = {
			isa = PBXGroup;
			children = (
				BFE24B422B3480FF00D3397B /* CheckResponseItem.swift */,
				BFE24B442B34812F00D3397B /* FavouriteStatusItem.swift */,
				BFE24B462B34814C00D3397B /* QuizItem.swift */,
			);
			path = Codables;
			sourceTree = "<group>";
		};
		BFE24B3F2B347FD200D3397B /* Endpoints */ = {
			isa = PBXGroup;
			children = (
				BFE24B482B34816600D3397B /* Endpoints.swift */,
			);
			path = Endpoints;
			sourceTree = "<group>";
		};
/* End PBXGroup section */

/* Begin PBXNativeTarget section */
		BFE24B0A2B347EF700D3397B /* Quiz */ = {
			isa = PBXNativeTarget;
			buildConfigurationList = BFE24B302B347EFA00D3397B /* Build configuration list for PBXNativeTarget "Quiz" */;
			buildPhases = (
				BFE24B072B347EF700D3397B /* Sources */,
				BFE24B082B347EF700D3397B /* Frameworks */,
				BFE24B092B347EF700D3397B /* Resources */,
			);
			buildRules = (
			);
			dependencies = (
			);
			name = Quiz;
			productName = Quiz;
			productReference = BFE24B0B2B347EF700D3397B /* Quiz.app */;
			productType = "com.apple.product-type.application";
		};
		BFE24B1B2B347EFA00D3397B /* QuizTests */ = {
			isa = PBXNativeTarget;
			buildConfigurationList = BFE24B332B347EFA00D3397B /* Build configuration list for PBXNativeTarget "QuizTests" */;
			buildPhases = (
				BFE24B182B347EFA00D3397B /* Sources */,
				BFE24B192B347EFA00D3397B /* Frameworks */,
				BFE24B1A2B347EFA00D3397B /* Resources */,
			);
			buildRules = (
			);
			dependencies = (
				BFE24B1E2B347EFA00D3397B /* PBXTargetDependency */,
			);
			name = QuizTests;
			productName = QuizTests;
			productReference = BFE24B1C2B347EFA00D3397B /* QuizTests.xctest */;
			productType = "com.apple.product-type.bundle.unit-test";
		};
		BFE24B252B347EFA00D3397B /* QuizUITests */ = {
			isa = PBXNativeTarget;
			buildConfigurationList = BFE24B362B347EFA00D3397B /* Build configuration list for PBXNativeTarget "QuizUITests" */;
			buildPhases = (
				BFE24B222B347EFA00D3397B /* Sources */,
				BFE24B232B347EFA00D3397B /* Frameworks */,
				BFE24B242B347EFA00D3397B /* Resources */,
			);
			buildRules = (
			);
			dependencies = (
				BFE24B282B347EFA00D3397B /* PBXTargetDependency */,
			);
			name = QuizUITests;
			productName = QuizUITests;
			productReference = BFE24B262B347EFA00D3397B /* QuizUITests.xctest */;
			productType = "com.apple.product-type.bundle.ui-testing";
		};
/* End PBXNativeTarget section */

/* Begin PBXProject section */
		BFE24B032B347EF700D3397B /* Project object */ = {
			isa = PBXProject;
			attributes = {
				BuildIndependentTargetsInParallel = 1;
				LastSwiftUpdateCheck = 1500;
				LastUpgradeCheck = 1500;
				TargetAttributes = {
					BFE24B0A2B347EF700D3397B = {
						CreatedOnToolsVersion = 15.0.1;
					};
					BFE24B1B2B347EFA00D3397B = {
						CreatedOnToolsVersion = 15.0.1;
						TestTargetID = BFE24B0A2B347EF700D3397B;
					};
					BFE24B252B347EFA00D3397B = {
						CreatedOnToolsVersion = 15.0.1;
						TestTargetID = BFE24B0A2B347EF700D3397B;
					};
				};
			};
			buildConfigurationList = BFE24B062B347EF700D3397B /* Build configuration list for PBXProject "Quiz" */;
			compatibilityVersion = "Xcode 14.0";
			developmentRegion = en;
			hasScannedForEncodings = 0;
			knownRegions = (
				en,
				Base,
			);
			mainGroup = BFE24B022B347EF700D3397B;
			productRefGroup = BFE24B0C2B347EF700D3397B /* Products */;
			projectDirPath = "";
			projectRoot = "";
			targets = (
				BFE24B0A2B347EF700D3397B /* Quiz */,
				BFE24B1B2B347EFA00D3397B /* QuizTests */,
				BFE24B252B347EFA00D3397B /* QuizUITests */,
			);
		};
/* End PBXProject section */

/* Begin PBXResourcesBuildPhase section */
		BFE24B092B347EF700D3397B /* Resources */ = {
			isa = PBXResourcesBuildPhase;
			buildActionMask = 2147483647;
			files = (
				BFE24B172B347EF900D3397B /* Preview Assets.xcassets in Resources */,
				BFE24B662B34897800D3397B /* Assets.xcassets in Resources */,
				BFE24B642B34895600D3397B /* quizzes.json in Resources */,
			);
			runOnlyForDeploymentPostprocessing = 0;
		};
		BFE24B1A2B347EFA00D3397B /* Resources */ = {
			isa = PBXResourcesBuildPhase;
			buildActionMask = 2147483647;
			files = (
			);
			runOnlyForDeploymentPostprocessing = 0;
		};
		BFE24B242B347EFA00D3397B /* Resources */ = {
			isa = PBXResourcesBuildPhase;
			buildActionMask = 2147483647;
			files = (
			);
			runOnlyForDeploymentPostprocessing = 0;
		};
/* End PBXResourcesBuildPhase section */

/* Begin PBXSourcesBuildPhase section */
		BFE24B072B347EF700D3397B /* Sources */ = {
			isa = PBXSourcesBuildPhase;
			buildActionMask = 2147483647;
			files = (
				BFE24B452B34812F00D3397B /* FavouriteStatusItem.swift in Sources */,
				BFE24B4D2B3481BA00D3397B /* QuizzesModel.swift in Sources */,
				BFE24B112B347EF700D3397B /* ContentView.swift in Sources */,
				BFE24B412B3480BA00D3397B /* Extensions.swift in Sources */,
				BFE24B492B34816600D3397B /* Endpoints.swift in Sources */,
				BFE24B472B34814C00D3397B /* QuizItem.swift in Sources */,
				BFE24B4F2B3481E400D3397B /* ScoresModel.swift in Sources */,
				BFE24B592B34832700D3397B /* QuizItemRowView.swift in Sources */,
				BFE24B432B3480FF00D3397B /* CheckResponseItem.swift in Sources */,
				BFE24B532B34828500D3397B /* QuizItemPlayView.swift in Sources */,
				BFE24B552B3482CF00D3397B /* QuizzesListView.swift in Sources */,
				BFE24B5B2B34836400D3397B /* MyAsyncImage.swift in Sources */,
				BFE24B0F2B347EF700D3397B /* QuizApp.swift in Sources */,
			);
			runOnlyForDeploymentPostprocessing = 0;
		};
		BFE24B182B347EFA00D3397B /* Sources */ = {
			isa = PBXSourcesBuildPhase;
			buildActionMask = 2147483647;
			files = (
				BFE24B212B347EFA00D3397B /* QuizTests.swift in Sources */,
			);
			runOnlyForDeploymentPostprocessing = 0;
		};
		BFE24B222B347EFA00D3397B /* Sources */ = {
			isa = PBXSourcesBuildPhase;
			buildActionMask = 2147483647;
			files = (
				BFE24B2B2B347EFA00D3397B /* QuizUITests.swift in Sources */,
				BFE24B2D2B347EFA00D3397B /* QuizUITestsLaunchTests.swift in Sources */,
			);
			runOnlyForDeploymentPostprocessing = 0;
		};
/* End PBXSourcesBuildPhase section */

/* Begin PBXTargetDependency section */
		BFE24B1E2B347EFA00D3397B /* PBXTargetDependency */ = {
			isa = PBXTargetDependency;
			target = BFE24B0A2B347EF700D3397B /* Quiz */;
			targetProxy = BFE24B1D2B347EFA00D3397B /* PBXContainerItemProxy */;
		};
		BFE24B282B347EFA00D3397B /* PBXTargetDependency */ = {
			isa = PBXTargetDependency;
			target = BFE24B0A2B347EF700D3397B /* Quiz */;
			targetProxy = BFE24B272B347EFA00D3397B /* PBXContainerItemProxy */;
		};
/* End PBXTargetDependency section */

/* Begin XCBuildConfiguration section */
		BFE24B2E2B347EFA00D3397B /* Debug */ = {
			isa = XCBuildConfiguration;
			buildSettings = {
				ALWAYS_SEARCH_USER_PATHS = NO;
				ASSETCATALOG_COMPILER_GENERATE_SWIFT_ASSET_SYMBOL_EXTENSIONS = YES;
				CLANG_ANALYZER_NONNULL = YES;
				CLANG_ANALYZER_NUMBER_OBJECT_CONVERSION = YES_AGGRESSIVE;
				CLANG_CXX_LANGUAGE_STANDARD = "gnu++20";
				CLANG_ENABLE_MODULES = YES;
				CLANG_ENABLE_OBJC_ARC = YES;
				CLANG_ENABLE_OBJC_WEAK = YES;
				CLANG_WARN_BLOCK_CAPTURE_AUTORELEASING = YES;
				CLANG_WARN_BOOL_CONVERSION = YES;
				CLANG_WARN_COMMA = YES;
				CLANG_WARN_CONSTANT_CONVERSION = YES;
				CLANG_WARN_DEPRECATED_OBJC_IMPLEMENTATIONS = YES;
				CLANG_WARN_DIRECT_OBJC_ISA_USAGE = YES_ERROR;
				CLANG_WARN_DOCUMENTATION_COMMENTS = YES;
				CLANG_WARN_EMPTY_BODY = YES;
				CLANG_WARN_ENUM_CONVERSION = YES;
				CLANG_WARN_INFINITE_RECURSION = YES;
				CLANG_WARN_INT_CONVERSION = YES;
				CLANG_WARN_NON_LITERAL_NULL_CONVERSION = YES;
				CLANG_WARN_OBJC_IMPLICIT_RETAIN_SELF = YES;
				CLANG_WARN_OBJC_LITERAL_CONVERSION = YES;
				CLANG_WARN_OBJC_ROOT_CLASS = YES_ERROR;
				CLANG_WARN_QUOTED_INCLUDE_IN_FRAMEWORK_HEADER = YES;
				CLANG_WARN_RANGE_LOOP_ANALYSIS = YES;
				CLANG_WARN_STRICT_PROTOTYPES = YES;
				CLANG_WARN_SUSPICIOUS_MOVE = YES;
				CLANG_WARN_UNGUARDED_AVAILABILITY = YES_AGGRESSIVE;
				CLANG_WARN_UNREACHABLE_CODE = YES;
				CLANG_WARN__DUPLICATE_METHOD_MATCH = YES;
				COPY_PHASE_STRIP = NO;
				DEBUG_INFORMATION_FORMAT = dwarf;
				ENABLE_STRICT_OBJC_MSGSEND = YES;
				ENABLE_TESTABILITY = YES;
				ENABLE_USER_SCRIPT_SANDBOXING = YES;
				GCC_C_LANGUAGE_STANDARD = gnu17;
				GCC_DYNAMIC_NO_PIC = NO;
				GCC_NO_COMMON_BLOCKS = YES;
				GCC_OPTIMIZATION_LEVEL = 0;
				GCC_PREPROCESSOR_DEFINITIONS = (
					"DEBUG=1",
					"$(inherited)",
				);
				GCC_WARN_64_TO_32_BIT_CONVERSION = YES;
				GCC_WARN_ABOUT_RETURN_TYPE = YES_ERROR;
				GCC_WARN_UNDECLARED_SELECTOR = YES;
				GCC_WARN_UNINITIALIZED_AUTOS = YES_AGGRESSIVE;
				GCC_WARN_UNUSED_FUNCTION = YES;
				GCC_WARN_UNUSED_VARIABLE = YES;
				LOCALIZATION_PREFERS_STRING_CATALOGS = YES;
				MTL_ENABLE_DEBUG_INFO = INCLUDE_SOURCE;
				MTL_FAST_MATH = YES;
				ONLY_ACTIVE_ARCH = YES;
				SWIFT_ACTIVE_COMPILATION_CONDITIONS = "DEBUG $(inherited)";
				SWIFT_OPTIMIZATION_LEVEL = "-Onone";
			};
			name = Debug;
		};
		BFE24B2F2B347EFA00D3397B /* Release */ = {
			isa = XCBuildConfiguration;
			buildSettings = {
				ALWAYS_SEARCH_USER_PATHS = NO;
				ASSETCATALOG_COMPILER_GENERATE_SWIFT_ASSET_SYMBOL_EXTENSIONS = YES;
				CLANG_ANALYZER_NONNULL = YES;
				CLANG_ANALYZER_NUMBER_OBJECT_CONVERSION = YES_AGGRESSIVE;
				CLANG_CXX_LANGUAGE_STANDARD = "gnu++20";
				CLANG_ENABLE_MODULES = YES;
				CLANG_ENABLE_OBJC_ARC = YES;
				CLANG_ENABLE_OBJC_WEAK = YES;
				CLANG_WARN_BLOCK_CAPTURE_AUTORELEASING = YES;
				CLANG_WARN_BOOL_CONVERSION = YES;
				CLANG_WARN_COMMA = YES;
				CLANG_WARN_CONSTANT_CONVERSION = YES;
				CLANG_WARN_DEPRECATED_OBJC_IMPLEMENTATIONS = YES;
				CLANG_WARN_DIRECT_OBJC_ISA_USAGE = YES_ERROR;
				CLANG_WARN_DOCUMENTATION_COMMENTS = YES;
				CLANG_WARN_EMPTY_BODY = YES;
				CLANG_WARN_ENUM_CONVERSION = YES;
				CLANG_WARN_INFINITE_RECURSION = YES;
				CLANG_WARN_INT_CONVERSION = YES;
				CLANG_WARN_NON_LITERAL_NULL_CONVERSION = YES;
				CLANG_WARN_OBJC_IMPLICIT_RETAIN_SELF = YES;
				CLANG_WARN_OBJC_LITERAL_CONVERSION = YES;
				CLANG_WARN_OBJC_ROOT_CLASS = YES_ERROR;
				CLANG_WARN_QUOTED_INCLUDE_IN_FRAMEWORK_HEADER = YES;
				CLANG_WARN_RANGE_LOOP_ANALYSIS = YES;
				CLANG_WARN_STRICT_PROTOTYPES = YES;
				CLANG_WARN_SUSPICIOUS_MOVE = YES;
				CLANG_WARN_UNGUARDED_AVAILABILITY = YES_AGGRESSIVE;
				CLANG_WARN_UNREACHABLE_CODE = YES;
				CLANG_WARN__DUPLICATE_METHOD_MATCH = YES;
				COPY_PHASE_STRIP = NO;
				DEBUG_INFORMATION_FORMAT = "dwarf-with-dsym";
				ENABLE_NS_ASSERTIONS = NO;
				ENABLE_STRICT_OBJC_MSGSEND = YES;
				ENABLE_USER_SCRIPT_SANDBOXING = YES;
				GCC_C_LANGUAGE_STANDARD = gnu17;
				GCC_NO_COMMON_BLOCKS = YES;
				GCC_WARN_64_TO_32_BIT_CONVERSION = YES;
				GCC_WARN_ABOUT_RETURN_TYPE = YES_ERROR;
				GCC_WARN_UNDECLARED_SELECTOR = YES;
				GCC_WARN_UNINITIALIZED_AUTOS = YES_AGGRESSIVE;
				GCC_WARN_UNUSED_FUNCTION = YES;
				GCC_WARN_UNUSED_VARIABLE = YES;
				LOCALIZATION_PREFERS_STRING_CATALOGS = YES;
				MTL_ENABLE_DEBUG_INFO = NO;
				MTL_FAST_MATH = YES;
				SWIFT_COMPILATION_MODE = wholemodule;
			};
			name = Release;
		};
		BFE24B312B347EFA00D3397B /* Debug */ = {
			isa = XCBuildConfiguration;
			buildSettings = {
				ASSETCATALOG_COMPILER_APPICON_NAME = AppIcon;
				ASSETCATALOG_COMPILER_GLOBAL_ACCENT_COLOR_NAME = AccentColor;
				CODE_SIGN_ENTITLEMENTS = Quiz/Quiz.entitlements;
				CODE_SIGN_STYLE = Automatic;
				CURRENT_PROJECT_VERSION = 1;
				DEVELOPMENT_ASSET_PATHS = "\"Quiz/Preview Content\"";
				ENABLE_PREVIEWS = YES;
				GENERATE_INFOPLIST_FILE = YES;
				INFOPLIST_FILE = Quiz/Info.plist;
				"INFOPLIST_KEY_UIApplicationSceneManifest_Generation[sdk=iphoneos*]" = YES;
				"INFOPLIST_KEY_UIApplicationSceneManifest_Generation[sdk=iphonesimulator*]" = YES;
				"INFOPLIST_KEY_UIApplicationSupportsIndirectInputEvents[sdk=iphoneos*]" = YES;
				"INFOPLIST_KEY_UIApplicationSupportsIndirectInputEvents[sdk=iphonesimulator*]" = YES;
				"INFOPLIST_KEY_UILaunchScreen_Generation[sdk=iphoneos*]" = YES;
				"INFOPLIST_KEY_UILaunchScreen_Generation[sdk=iphonesimulator*]" = YES;
				"INFOPLIST_KEY_UIStatusBarStyle[sdk=iphoneos*]" = UIStatusBarStyleDefault;
				"INFOPLIST_KEY_UIStatusBarStyle[sdk=iphonesimulator*]" = UIStatusBarStyleDefault;
				INFOPLIST_KEY_UISupportedInterfaceOrientations_iPad = "UIInterfaceOrientationPortrait UIInterfaceOrientationPortraitUpsideDown UIInterfaceOrientationLandscapeLeft UIInterfaceOrientationLandscapeRight";
				INFOPLIST_KEY_UISupportedInterfaceOrientations_iPhone = "UIInterfaceOrientationPortrait UIInterfaceOrientationLandscapeLeft UIInterfaceOrientationLandscapeRight";
				IPHONEOS_DEPLOYMENT_TARGET = 17.0;
				LD_RUNPATH_SEARCH_PATHS = "@executable_path/Frameworks";
				"LD_RUNPATH_SEARCH_PATHS[sdk=macosx*]" = "@executable_path/../Frameworks";
				MACOSX_DEPLOYMENT_TARGET = 14.0;
				MARKETING_VERSION = 1.0;
				PRODUCT_BUNDLE_IDENTIFIER = es.upm.Quiz;
				PRODUCT_NAME = "$(TARGET_NAME)";
				SDKROOT = auto;
				SUPPORTED_PLATFORMS = "iphoneos iphonesimulator macosx";
				SWIFT_EMIT_LOC_STRINGS = YES;
				SWIFT_VERSION = 5.0;
				TARGETED_DEVICE_FAMILY = "1,2";
			};
			name = Debug;
		};
		BFE24B322B347EFA00D3397B /* Release */ = {
			isa = XCBuildConfiguration;
			buildSettings = {
				ASSETCATALOG_COMPILER_APPICON_NAME = AppIcon;
				ASSETCATALOG_COMPILER_GLOBAL_ACCENT_COLOR_NAME = AccentColor;
				CODE_SIGN_ENTITLEMENTS = Quiz/Quiz.entitlements;
				CODE_SIGN_STYLE = Automatic;
				CURRENT_PROJECT_VERSION = 1;
				DEVELOPMENT_ASSET_PATHS = "\"Quiz/Preview Content\"";
				ENABLE_PREVIEWS = YES;
				GENERATE_INFOPLIST_FILE = YES;
				INFOPLIST_FILE = Quiz/Info.plist;
				"INFOPLIST_KEY_UIApplicationSceneManifest_Generation[sdk=iphoneos*]" = YES;
				"INFOPLIST_KEY_UIApplicationSceneManifest_Generation[sdk=iphonesimulator*]" = YES;
				"INFOPLIST_KEY_UIApplicationSupportsIndirectInputEvents[sdk=iphoneos*]" = YES;
				"INFOPLIST_KEY_UIApplicationSupportsIndirectInputEvents[sdk=iphonesimulator*]" = YES;
				"INFOPLIST_KEY_UILaunchScreen_Generation[sdk=iphoneos*]" = YES;
				"INFOPLIST_KEY_UILaunchScreen_Generation[sdk=iphonesimulator*]" = YES;
				"INFOPLIST_KEY_UIStatusBarStyle[sdk=iphoneos*]" = UIStatusBarStyleDefault;
				"INFOPLIST_KEY_UIStatusBarStyle[sdk=iphonesimulator*]" = UIStatusBarStyleDefault;
				INFOPLIST_KEY_UISupportedInterfaceOrientations_iPad = "UIInterfaceOrientationPortrait UIInterfaceOrientationPortraitUpsideDown UIInterfaceOrientationLandscapeLeft UIInterfaceOrientationLandscapeRight";
				INFOPLIST_KEY_UISupportedInterfaceOrientations_iPhone = "UIInterfaceOrientationPortrait UIInterfaceOrientationLandscapeLeft UIInterfaceOrientationLandscapeRight";
				IPHONEOS_DEPLOYMENT_TARGET = 17.0;
				LD_RUNPATH_SEARCH_PATHS = "@executable_path/Frameworks";
				"LD_RUNPATH_SEARCH_PATHS[sdk=macosx*]" = "@executable_path/../Frameworks";
				MACOSX_DEPLOYMENT_TARGET = 14.0;
				MARKETING_VERSION = 1.0;
				PRODUCT_BUNDLE_IDENTIFIER = es.upm.Quiz;
				PRODUCT_NAME = "$(TARGET_NAME)";
				SDKROOT = auto;
				SUPPORTED_PLATFORMS = "iphoneos iphonesimulator macosx";
				SWIFT_EMIT_LOC_STRINGS = YES;
				SWIFT_VERSION = 5.0;
				TARGETED_DEVICE_FAMILY = "1,2";
			};
			name = Release;
		};
		BFE24B342B347EFA00D3397B /* Debug */ = {
			isa = XCBuildConfiguration;
			buildSettings = {
				ALWAYS_EMBED_SWIFT_STANDARD_LIBRARIES = YES;
				BUNDLE_LOADER = "$(TEST_HOST)";
				CODE_SIGN_STYLE = Automatic;
				CURRENT_PROJECT_VERSION = 1;
				GENERATE_INFOPLIST_FILE = YES;
				IPHONEOS_DEPLOYMENT_TARGET = 17.0;
				MACOSX_DEPLOYMENT_TARGET = 14.0;
				MARKETING_VERSION = 1.0;
				PRODUCT_BUNDLE_IDENTIFIER = es.upm.QuizTests;
				PRODUCT_NAME = "$(TARGET_NAME)";
				SDKROOT = auto;
				SUPPORTED_PLATFORMS = "iphoneos iphonesimulator macosx";
				SWIFT_EMIT_LOC_STRINGS = NO;
				SWIFT_VERSION = 5.0;
				TARGETED_DEVICE_FAMILY = "1,2";
				TEST_HOST = "$(BUILT_PRODUCTS_DIR)/Quiz.app/$(BUNDLE_EXECUTABLE_FOLDER_PATH)/Quiz";
			};
			name = Debug;
		};
		BFE24B352B347EFA00D3397B /* Release */ = {
			isa = XCBuildConfiguration;
			buildSettings = {
				ALWAYS_EMBED_SWIFT_STANDARD_LIBRARIES = YES;
				BUNDLE_LOADER = "$(TEST_HOST)";
				CODE_SIGN_STYLE = Automatic;
				CURRENT_PROJECT_VERSION = 1;
				GENERATE_INFOPLIST_FILE = YES;
				IPHONEOS_DEPLOYMENT_TARGET = 17.0;
				MACOSX_DEPLOYMENT_TARGET = 14.0;
				MARKETING_VERSION = 1.0;
				PRODUCT_BUNDLE_IDENTIFIER = es.upm.QuizTests;
				PRODUCT_NAME = "$(TARGET_NAME)";
				SDKROOT = auto;
				SUPPORTED_PLATFORMS = "iphoneos iphonesimulator macosx";
				SWIFT_EMIT_LOC_STRINGS = NO;
				SWIFT_VERSION = 5.0;
				TARGETED_DEVICE_FAMILY = "1,2";
				TEST_HOST = "$(BUILT_PRODUCTS_DIR)/Quiz.app/$(BUNDLE_EXECUTABLE_FOLDER_PATH)/Quiz";
			};
			name = Release;
		};
		BFE24B372B347EFA00D3397B /* Debug */ = {
			isa = XCBuildConfiguration;
			buildSettings = {
				ALWAYS_EMBED_SWIFT_STANDARD_LIBRARIES = YES;
				CODE_SIGN_STYLE = Automatic;
				CURRENT_PROJECT_VERSION = 1;
				GENERATE_INFOPLIST_FILE = YES;
				IPHONEOS_DEPLOYMENT_TARGET = 17.0;
				MACOSX_DEPLOYMENT_TARGET = 14.0;
				MARKETING_VERSION = 1.0;
				PRODUCT_BUNDLE_IDENTIFIER = es.upm.QuizUITests;
				PRODUCT_NAME = "$(TARGET_NAME)";
				SDKROOT = auto;
				SUPPORTED_PLATFORMS = "iphoneos iphonesimulator macosx";
				SWIFT_EMIT_LOC_STRINGS = NO;
				SWIFT_VERSION = 5.0;
				TARGETED_DEVICE_FAMILY = "1,2";
				TEST_TARGET_NAME = Quiz;
			};
			name = Debug;
		};
		BFE24B382B347EFA00D3397B /* Release */ = {
			isa = XCBuildConfiguration;
			buildSettings = {
				ALWAYS_EMBED_SWIFT_STANDARD_LIBRARIES = YES;
				CODE_SIGN_STYLE = Automatic;
				CURRENT_PROJECT_VERSION = 1;
				GENERATE_INFOPLIST_FILE = YES;
				IPHONEOS_DEPLOYMENT_TARGET = 17.0;
				MACOSX_DEPLOYMENT_TARGET = 14.0;
				MARKETING_VERSION = 1.0;
				PRODUCT_BUNDLE_IDENTIFIER = es.upm.QuizUITests;
				PRODUCT_NAME = "$(TARGET_NAME)";
				SDKROOT = auto;
				SUPPORTED_PLATFORMS = "iphoneos iphonesimulator macosx";
				SWIFT_EMIT_LOC_STRINGS = NO;
				SWIFT_VERSION = 5.0;
				TARGETED_DEVICE_FAMILY = "1,2";
				TEST_TARGET_NAME = Quiz;
			};
			name = Release;
		};
/* End XCBuildConfiguration section */

/* Begin XCConfigurationList section */
		BFE24B062B347EF700D3397B /* Build configuration list for PBXProject "Quiz" */ = {
			isa = XCConfigurationList;
			buildConfigurations = (
				BFE24B2E2B347EFA00D3397B /* Debug */,
				BFE24B2F2B347EFA00D3397B /* Release */,
			);
			defaultConfigurationIsVisible = 0;
			defaultConfigurationName = Release;
		};
		BFE24B302B347EFA00D3397B /* Build configuration list for PBXNativeTarget "Quiz" */ = {
			isa = XCConfigurationList;
			buildConfigurations = (
				BFE24B312B347EFA00D3397B /* Debug */,
				BFE24B322B347EFA00D3397B /* Release */,
			);
			defaultConfigurationIsVisible = 0;
			defaultConfigurationName = Release;
		};
		BFE24B332B347EFA00D3397B /* Build configuration list for PBXNativeTarget "QuizTests" */ = {
			isa = XCConfigurationList;
			buildConfigurations = (
				BFE24B342B347EFA00D3397B /* Debug */,
				BFE24B352B347EFA00D3397B /* Release */,
			);
			defaultConfigurationIsVisible = 0;
			defaultConfigurationName = Release;
		};
		BFE24B362B347EFA00D3397B /* Build configuration list for PBXNativeTarget "QuizUITests" */ = {
			isa = XCConfigurationList;
			buildConfigurations = (
				BFE24B372B347EFA00D3397B /* Debug */,
				BFE24B382B347EFA00D3397B /* Release */,
			);
			defaultConfigurationIsVisible = 0;
			defaultConfigurationName = Release;
		};
/* End XCConfigurationList section */
	};
	rootObject = BFE24B032B347EF700D3397B /* Project object */;
}
